
Microsoft Visual Studio Solution File, Format Version 12.00
# Visual Studio 2012
Project("{FAE04EC0-301F-11D3-BF4B-00C04F79EFBC}") = "PackageBuddy.Runner", "PackageBuddy.Runner\PackageBuddy.Runner.csproj", "{246545C9-0383-45EB-A446-4D9DFA136665}"
EndProject
Project("{2150E333-8FDC-42A3-9474-1A3956D46DE8}") = "Sample", "Sample", "{4009CBBC-A4D5-4D41-9DD6-CEE9827E9C3B}"
EndProject
Project("{FAE04EC0-301F-11D3-BF4B-00C04F79EFBC}") = "Droid", "SampleApps\Droid\Droid.csproj", "{BE4E215E-8A6F-44C0-9833-01C41F14E517}"
EndProject
Project("{FAE04EC0-301F-11D3-BF4B-00C04F79EFBC}") = "iOS", "SampleApps\iOS\iOS.csproj", "{3756E76F-EE0B-471F-BC08-6E91A90763D1}"
EndProject
Project("{FAE04EC0-301F-11D3-BF4B-00C04F79EFBC}") = "PackageBuddy", "PackageBuddy\PackageBuddy.csproj", "{BA53105E-197E-47DC-9AF5-43D5D211FA2F}"
EndProject
Global
	GlobalSection(SolutionConfigurationPlatforms) = preSolution
		Debug|Any CPU = Debug|Any CPU
		Release|Any CPU = Release|Any CPU
		Debug|iPhoneSimulator = Debug|iPhoneSimulator
		Release|iPhone = Release|iPhone
		Release|iPhoneSimulator = Release|iPhoneSimulator
		Debug|iPhone = Debug|iPhone
	EndGlobalSection
	GlobalSection(ProjectConfigurationPlatforms) = postSolution
		{246545C9-0383-45EB-A446-4D9DFA136665}.Debug|Any CPU.ActiveCfg = Debug|Any CPU
		{246545C9-0383-45EB-A446-4D9DFA136665}.Debug|Any CPU.Build.0 = Debug|Any CPU
		{246545C9-0383-45EB-A446-4D9DFA136665}.Debug|iPhone.ActiveCfg = Debug|Any CPU
		{246545C9-0383-45EB-A446-4D9DFA136665}.Debug|iPhone.Build.0 = Debug|Any CPU
		{246545C9-0383-45EB-A446-4D9DFA136665}.Debug|iPhoneSimulator.ActiveCfg = Debug|Any CPU
		{246545C9-0383-45EB-A446-4D9DFA136665}.Debug|iPhoneSimulator.Build.0 = Debug|Any CPU
		{246545C9-0383-45EB-A446-4D9DFA136665}.Release|Any CPU.ActiveCfg = Release|Any CPU
		{246545C9-0383-45EB-A446-4D9DFA136665}.Release|Any CPU.Build.0 = Release|Any CPU
		{246545C9-0383-45EB-A446-4D9DFA136665}.Release|iPhone.ActiveCfg = Release|Any CPU
		{246545C9-0383-45EB-A446-4D9DFA136665}.Release|iPhone.Build.0 = Release|Any CPU
		{246545C9-0383-45EB-A446-4D9DFA136665}.Release|iPhoneSimulator.ActiveCfg = Release|Any CPU
		{246545C9-0383-45EB-A446-4D9DFA136665}.Release|iPhoneSimulator.Build.0 = Release|Any CPU
		{3756E76F-EE0B-471F-BC08-6E91A90763D1}.Debug|Any CPU.ActiveCfg = Debug|iPhoneSimulator
		{3756E76F-EE0B-471F-BC08-6E91A90763D1}.Debug|Any CPU.Build.0 = Debug|iPhoneSimulator
		{3756E76F-EE0B-471F-BC08-6E91A90763D1}.Debug|iPhone.ActiveCfg = Debug|iPhone
		{3756E76F-EE0B-471F-BC08-6E91A90763D1}.Debug|iPhone.Build.0 = Debug|iPhone
		{3756E76F-EE0B-471F-BC08-6E91A90763D1}.Debug|iPhoneSimulator.ActiveCfg = Debug|iPhoneSimulator
		{3756E76F-EE0B-471F-BC08-6E91A90763D1}.Debug|iPhoneSimulator.Build.0 = Debug|iPhoneSimulator
		{3756E76F-EE0B-471F-BC08-6E91A90763D1}.Release|Any CPU.ActiveCfg = Release|iPhone
		{3756E76F-EE0B-471F-BC08-6E91A90763D1}.Release|Any CPU.Build.0 = Release|iPhone
		{3756E76F-EE0B-471F-BC08-6E91A90763D1}.Release|iPhone.ActiveCfg = Release|iPhone
		{3756E76F-EE0B-471F-BC08-6E91A90763D1}.Release|iPhone.Build.0 = Release|iPhone
		{3756E76F-EE0B-471F-BC08-6E91A90763D1}.Release|iPhoneSimulator.ActiveCfg = Release|iPhoneSimulator
		{3756E76F-EE0B-471F-BC08-6E91A90763D1}.Release|iPhoneSimulator.Build.0 = Release|iPhoneSimulator
		{BA53105E-197E-47DC-9AF5-43D5D211FA2F}.Debug|Any CPU.ActiveCfg = Debug|Any CPU
		{BA53105E-197E-47DC-9AF5-43D5D211FA2F}.Debug|Any CPU.Build.0 = Debug|Any CPU
		{BA53105E-197E-47DC-9AF5-43D5D211FA2F}.Debug|iPhone.ActiveCfg = Debug|Any CPU
		{BA53105E-197E-47DC-9AF5-43D5D211FA2F}.Debug|iPhone.Build.0 = Debug|Any CPU
		{BA53105E-197E-47DC-9AF5-43D5D211FA2F}.Debug|iPhoneSimulator.ActiveCfg = Debug|Any CPU
		{BA53105E-197E-47DC-9AF5-43D5D211FA2F}.Debug|iPhoneSimulator.Build.0 = Debug|Any CPU
		{BA53105E-197E-47DC-9AF5-43D5D211FA2F}.Release|Any CPU.ActiveCfg = Release|Any CPU
		{BA53105E-197E-47DC-9AF5-43D5D211FA2F}.Release|Any CPU.Build.0 = Release|Any CPU
		{BA53105E-197E-47DC-9AF5-43D5D211FA2F}.Release|iPhone.ActiveCfg = Release|Any CPU
		{BA53105E-197E-47DC-9AF5-43D5D211FA2F}.Release|iPhone.Build.0 = Release|Any CPU
		{BA53105E-197E-47DC-9AF5-43D5D211FA2F}.Release|iPhoneSimulator.ActiveCfg = Release|Any CPU
		{BA53105E-197E-47DC-9AF5-43D5D211FA2F}.Release|iPhoneSimulator.Build.0 = Release|Any CPU
		{BE4E215E-8A6F-44C0-9833-01C41F14E517}.Debug|Any CPU.ActiveCfg = Debug|Any CPU
		{BE4E215E-8A6F-44C0-9833-01C41F14E517}.Debug|Any CPU.Build.0 = Debug|Any CPU
		{BE4E215E-8A6F-44C0-9833-01C41F14E517}.Debug|iPhone.ActiveCfg = Debug|Any CPU
		{BE4E215E-8A6F-44C0-9833-01C41F14E517}.Debug|iPhone.Build.0 = Debug|Any CPU
		{BE4E215E-8A6F-44C0-9833-01C41F14E517}.Debug|iPhoneSimulator.ActiveCfg = Debug|Any CPU
		{BE4E215E-8A6F-44C0-9833-01C41F14E517}.Debug|iPhoneSimulator.Build.0 = Debug|Any CPU
		{BE4E215E-8A6F-44C0-9833-01C41F14E517}.Release|Any CPU.ActiveCfg = Release|Any CPU
		{BE4E215E-8A6F-44C0-9833-01C41F14E517}.Release|Any CPU.Build.0 = Release|Any CPU
		{BE4E215E-8A6F-44C0-9833-01C41F14E517}.Release|iPhone.ActiveCfg = Release|Any CPU
		{BE4E215E-8A6F-44C0-9833-01C41F14E517}.Release|iPhone.Build.0 = Release|Any CPU
		{BE4E215E-8A6F-44C0-9833-01C41F14E517}.Release|iPhoneSimulator.ActiveCfg = Release|Any CPU
		{BE4E215E-8A6F-44C0-9833-01C41F14E517}.Release|iPhoneSimulator.Build.0 = Release|Any CPU
	EndGlobalSection
	GlobalSection(NestedProjects) = preSolution
		{BE4E215E-8A6F-44C0-9833-01C41F14E517} = {4009CBBC-A4D5-4D41-9DD6-CEE9827E9C3B}
		{3756E76F-EE0B-471F-BC08-6E91A90763D1} = {4009CBBC-A4D5-4D41-9DD6-CEE9827E9C3B}
	EndGlobalSection
EndGlobal
