
Microsoft Visual Studio Solution File, Format Version 11.00
# Visual Studio 2010
Project("{FAE04EC0-301F-11D3-BF4B-00C04F79EFBC}") = "Droid", "Droid.csproj", "{BE4E215E-8A6F-44C0-9833-01C41F14E517}"
EndProject
Global
	GlobalSection(SolutionConfigurationPlatforms) = preSolution
		Debug|Any CPU = Debug|Any CPU
		Release|Any CPU = Release|Any CPU
	EndGlobalSection
	GlobalSection(ProjectConfigurationPlatforms) = postSolution
		{BE4E215E-8A6F-44C0-9833-01C41F14E517}.Debug|Any CPU.ActiveCfg = Debug|Any CPU
		{BE4E215E-8A6F-44C0-9833-01C41F14E517}.Debug|Any CPU.Build.0 = Debug|Any CPU
		{BE4E215E-8A6F-44C0-9833-01C41F14E517}.Release|Any CPU.ActiveCfg = Release|Any CPU
		{BE4E215E-8A6F-44C0-9833-01C41F14E517}.Release|Any CPU.Build.0 = Release|Any CPU
	EndGlobalSection
EndGlobal
